
Microsoft Visual Studio Solution File, Format Version 12.00
# Visual Studio Version 17
VisualStudioVersion = 17.11.35219.272
MinimumVisualStudioVersion = 10.0.40219.1
Project("{FAE04EC0-301F-11D3-BF4B-00C04F79EFBC}") = "ToDoList", "ToDoList.csproj", "{50FDCB8A-17DC-44AC-8AFD-DA2830C73A9E}"
EndProject
Global
	GlobalSection(SolutionConfigurationPlatforms) = preSolution
		Debug|Any CPU = Debug|Any CPU
		Release|Any CPU = Release|Any CPU
	EndGlobalSection
	GlobalSection(ProjectConfigurationPlatforms) = postSolution
		{50FDCB8A-17DC-44AC-8AFD-DA2830C73A9E}.Debug|Any CPU.ActiveCfg = Debug|Any CPU
		{50FDCB8A-17DC-44AC-8AFD-DA2830C73A9E}.Debug|Any CPU.Build.0 = Debug|Any CPU
		{50FDCB8A-17DC-44AC-8AFD-DA2830C73A9E}.Release|Any CPU.ActiveCfg = Release|Any CPU
		{50FDCB8A-17DC-44AC-8AFD-DA2830C73A9E}.Release|Any CPU.Build.0 = Release|Any CPU
	EndGlobalSection
	GlobalSection(SolutionProperties) = preSolution
		HideSolutionNode = FALSE
	EndGlobalSection
	GlobalSection(ExtensibilityGlobals) = postSolution
		SolutionGuid = {41D78936-D384-4643-A44D-53CDE8DC46EE}
	EndGlobalSection
EndGlobal
